// !$*UTF8*$!
{
	archiveVersion = 1;
	classes = {
	};
	objectVersion = 46;
	objects = {

/* Begin PBXBuildFile section */
		88AE0E5D170023C900634E75 /* UIKit.framework in Frameworks */ = {isa = PBXBuildFile; fileRef = 88AE0E5C170023C900634E75 /* UIKit.framework */; };
		88AE0E5F170023C900634E75 /* Foundation.framework in Frameworks */ = {isa = PBXBuildFile; fileRef = 88AE0E5E170023C900634E75 /* Foundation.framework */; };
		88AE0E61170023C900634E75 /* CoreGraphics.framework in Frameworks */ = {isa = PBXBuildFile; fileRef = 88AE0E60170023C900634E75 /* CoreGraphics.framework */; };
		88AE0E67170023C900634E75 /* InfoPlist.strings in Resources */ = {isa = PBXBuildFile; fileRef = 88AE0E65170023C900634E75 /* InfoPlist.strings */; };
		88AE0E69170023C900634E75 /* main.m in Sources */ = {isa = PBXBuildFile; fileRef = 88AE0E68170023C900634E75 /* main.m */; };
		88AE0E6D170023C900634E75 /* AppDelegate.m in Sources */ = {isa = PBXBuildFile; fileRef = 88AE0E6C170023C900634E75 /* AppDelegate.m */; };
		88AE0E6F170023C900634E75 /* Default.png in Resources */ = {isa = PBXBuildFile; fileRef = 88AE0E6E170023C900634E75 /* Default.png */; };
		88AE0E71170023C900634E75 /* Default@2x.png in Resources */ = {isa = PBXBuildFile; fileRef = 88AE0E70170023C900634E75 /* Default@2x.png */; };
		88AE0E73170023C900634E75 /* Default-568h@2x.png in Resources */ = {isa = PBXBuildFile; fileRef = 88AE0E72170023C900634E75 /* Default-568h@2x.png */; };
		88AE0E76170023C900634E75 /* ViewController.m in Sources */ = {isa = PBXBuildFile; fileRef = 88AE0E75170023C900634E75 /* ViewController.m */; };
		88AE0E79170023C900634E75 /* ViewController_iPhone.xib in Resources */ = {isa = PBXBuildFile; fileRef = 88AE0E77170023C900634E75 /* ViewController_iPhone.xib */; };
		88AE0E7C170023C900634E75 /* ViewController_iPad.xib in Resources */ = {isa = PBXBuildFile; fileRef = 88AE0E7A170023C900634E75 /* ViewController_iPad.xib */; };
/* End PBXBuildFile section */

/* Begin PBXFileReference section */
		88AE0E59170023C900634E75 /* SampleBrowser.app */ = {isa = PBXFileReference; explicitFileType = wrapper.application; includeInIndex = 0; path = SampleBrowser.app; sourceTree = BUILT_PRODUCTS_DIR; };
		88AE0E5C170023C900634E75 /* UIKit.framework */ = {isa = PBXFileReference; lastKnownFileType = wrapper.framework; name = UIKit.framework; path = System/Library/Frameworks/UIKit.framework; sourceTree = SDKROOT; };
		88AE0E5E170023C900634E75 /* Foundation.framework */ = {isa = PBXFileReference; lastKnownFileType = wrapper.framework; name = Foundation.framework; path = System/Library/Frameworks/Foundation.framework; sourceTree = SDKROOT; };
		88AE0E60170023C900634E75 /* CoreGraphics.framework */ = {isa = PBXFileReference; lastKnownFileType = wrapper.framework; name = CoreGraphics.framework; path = System/Library/Frameworks/CoreGraphics.framework; sourceTree = SDKROOT; };
		88AE0E64170023C900634E75 /* SampleBrowser-Info.plist */ = {isa = PBXFileReference; lastKnownFileType = text.plist.xml; path = "SampleBrowser-Info.plist"; sourceTree = "<group>"; };
		88AE0E66170023C900634E75 /* en */ = {isa = PBXFileReference; lastKnownFileType = text.plist.strings; name = en; path = en.lproj/InfoPlist.strings; sourceTree = "<group>"; };
		88AE0E68170023C900634E75 /* main.m */ = {isa = PBXFileReference; lastKnownFileType = sourcecode.c.objc; path = main.m; sourceTree = "<group>"; };
		88AE0E6A170023C900634E75 /* SampleBrowser-Prefix.pch */ = {isa = PBXFileReference; lastKnownFileType = sourcecode.c.h; path = "SampleBrowser-Prefix.pch"; sourceTree = "<group>"; };
		88AE0E6B170023C900634E75 /* AppDelegate.h */ = {isa = PBXFileReference; lastKnownFileType = sourcecode.c.h; path = AppDelegate.h; sourceTree = "<group>"; };
		88AE0E6C170023C900634E75 /* AppDelegate.m */ = {isa = PBXFileReference; lastKnownFileType = sourcecode.c.objc; path = AppDelegate.m; sourceTree = "<group>"; };
		88AE0E6E170023C900634E75 /* Default.png */ = {isa = PBXFileReference; lastKnownFileType = image.png; path = Default.png; sourceTree = "<group>"; };
		88AE0E70170023C900634E75 /* Default@2x.png */ = {isa = PBXFileReference; lastKnownFileType = image.png; path = "Default@2x.png"; sourceTree = "<group>"; };
		88AE0E72170023C900634E75 /* Default-568h@2x.png */ = {isa = PBXFileReference; lastKnownFileType = image.png; path = "Default-568h@2x.png"; sourceTree = "<group>"; };
		88AE0E74170023C900634E75 /* ViewController.h */ = {isa = PBXFileReference; lastKnownFileType = sourcecode.c.h; path = ViewController.h; sourceTree = "<group>"; };
		88AE0E75170023C900634E75 /* ViewController.m */ = {isa = PBXFileReference; lastKnownFileType = sourcecode.c.objc; path = ViewController.m; sourceTree = "<group>"; };
		88AE0E78170023C900634E75 /* en */ = {isa = PBXFileReference; lastKnownFileType = file.xib; name = en; path = en.lproj/ViewController_iPhone.xib; sourceTree = "<group>"; };
		88AE0E7B170023C900634E75 /* en */ = {isa = PBXFileReference; lastKnownFileType = file.xib; name = en; path = en.lproj/ViewController_iPad.xib; sourceTree = "<group>"; };
/* End PBXFileReference section */

/* Begin PBXFrameworksBuildPhase section */
		88AE0E56170023C900634E75 /* Frameworks */ = {
			isa = PBXFrameworksBuildPhase;
			buildActionMask = 2147483647;
			files = (
				88AE0E5D170023C900634E75 /* UIKit.framework in Frameworks */,
				88AE0E5F170023C900634E75 /* Foundation.framework in Frameworks */,
				88AE0E61170023C900634E75 /* CoreGraphics.framework in Frameworks */,
			);
			runOnlyForDeploymentPostprocessing = 0;
		};
/* End PBXFrameworksBuildPhase section */

/* Begin PBXGroup section */
		88AE0E50170023C900634E75 = {
			isa = PBXGroup;
			children = (
				88AE0E62170023C900634E75 /* SampleBrowser */,
				88AE0E5B170023C900634E75 /* Frameworks */,
				88AE0E5A170023C900634E75 /* Products */,
			);
			sourceTree = "<group>";
		};
		88AE0E5A170023C900634E75 /* Products */ = {
			isa = PBXGroup;
			children = (
				88AE0E59170023C900634E75 /* SampleBrowser.app */,
			);
			name = Products;
			sourceTree = "<group>";
		};
		88AE0E5B170023C900634E75 /* Frameworks */ = {
			isa = PBXGroup;
			children = (
				88AE0E5C170023C900634E75 /* UIKit.framework */,
				88AE0E5E170023C900634E75 /* Foundation.framework */,
				88AE0E60170023C900634E75 /* CoreGraphics.framework */,
			);
			name = Frameworks;
			sourceTree = "<group>";
		};
		88AE0E62170023C900634E75 /* SampleBrowser */ = {
			isa = PBXGroup;
			children = (
				88AE0E6B170023C900634E75 /* AppDelegate.h */,
				88AE0E6C170023C900634E75 /* AppDelegate.m */,
				88AE0E74170023C900634E75 /* ViewController.h */,
				88AE0E75170023C900634E75 /* ViewController.m */,
				88AE0E77170023C900634E75 /* ViewController_iPhone.xib */,
				88AE0E7A170023C900634E75 /* ViewController_iPad.xib */,
				88AE0E63170023C900634E75 /* Supporting Files */,
			);
			name = SampleBrowser;
			sourceTree = "<group>";
		};
		88AE0E63170023C900634E75 /* Supporting Files */ = {
			isa = PBXGroup;
			children = (
				88AE0E64170023C900634E75 /* SampleBrowser-Info.plist */,
				88AE0E65170023C900634E75 /* InfoPlist.strings */,
				88AE0E68170023C900634E75 /* main.m */,
				88AE0E6A170023C900634E75 /* SampleBrowser-Prefix.pch */,
				88AE0E6E170023C900634E75 /* Default.png */,
				88AE0E70170023C900634E75 /* Default@2x.png */,
				88AE0E72170023C900634E75 /* Default-568h@2x.png */,
			);
			name = "Supporting Files";
			sourceTree = "<group>";
		};
/* End PBXGroup section */

/* Begin PBXNativeTarget section */
		88AE0E58170023C900634E75 /* SampleBrowser */ = {
			isa = PBXNativeTarget;
			buildConfigurationList = 88AE0E7F170023C900634E75 /* Build configuration list for PBXNativeTarget "SampleBrowser" */;
			buildPhases = (
				88AE0E55170023C900634E75 /* Sources */,
				88AE0E56170023C900634E75 /* Frameworks */,
				88AE0E57170023C900634E75 /* Resources */,
			);
			buildRules = (
			);
			dependencies = (
			);
			name = SampleBrowser;
			productName = SampleBrowser;
			productReference = 88AE0E59170023C900634E75 /* SampleBrowser.app */;
			productType = "com.apple.product-type.application";
		};
/* End PBXNativeTarget section */

/* Begin PBXProject section */
		88AE0E51170023C900634E75 /* Project object */ = {
			isa = PBXProject;
			attributes = {
				LastUpgradeCheck = 0460;
				ORGANIZATIONNAME = cHaos3D;
			};
			buildConfigurationList = 88AE0E54170023C900634E75 /* Build configuration list for PBXProject "SampleBrowser" */;
			compatibilityVersion = "Xcode 3.2";
			developmentRegion = English;
			hasScannedForEncodings = 0;
			knownRegions = (
				en,
			);
			mainGroup = 88AE0E50170023C900634E75;
			productRefGroup = 88AE0E5A170023C900634E75 /* Products */;
			projectDirPath = "";
			projectRoot = "";
			targets = (
				88AE0E58170023C900634E75 /* SampleBrowser */,
			);
		};
/* End PBXProject section */

/* Begin PBXResourcesBuildPhase section */
		88AE0E57170023C900634E75 /* Resources */ = {
			isa = PBXResourcesBuildPhase;
			buildActionMask = 2147483647;
			files = (
				88AE0E67170023C900634E75 /* InfoPlist.strings in Resources */,
				88AE0E6F170023C900634E75 /* Default.png in Resources */,
				88AE0E71170023C900634E75 /* Default@2x.png in Resources */,
				88AE0E73170023C900634E75 /* Default-568h@2x.png in Resources */,
				88AE0E79170023C900634E75 /* ViewController_iPhone.xib in Resources */,
				88AE0E7C170023C900634E75 /* ViewController_iPad.xib in Resources */,
			);
			runOnlyForDeploymentPostprocessing = 0;
		};
/* End PBXResourcesBuildPhase section */

/* Begin PBXSourcesBuildPhase section */
		88AE0E55170023C900634E75 /* Sources */ = {
			isa = PBXSourcesBuildPhase;
			buildActionMask = 2147483647;
			files = (
				88AE0E69170023C900634E75 /* main.m in Sources */,
				88AE0E6D170023C900634E75 /* AppDelegate.m in Sources */,
				88AE0E76170023C900634E75 /* ViewController.m in Sources */,
			);
			runOnlyForDeploymentPostprocessing = 0;
		};
/* End PBXSourcesBuildPhase section */

/* Begin PBXVariantGroup section */
		88AE0E65170023C900634E75 /* InfoPlist.strings */ = {
			isa = PBXVariantGroup;
			children = (
				88AE0E66170023C900634E75 /* en */,
			);
			name = InfoPlist.strings;
			sourceTree = "<group>";
		};
		88AE0E77170023C900634E75 /* ViewController_iPhone.xib */ = {
			isa = PBXVariantGroup;
			children = (
				88AE0E78170023C900634E75 /* en */,
			);
			name = ViewController_iPhone.xib;
			sourceTree = "<group>";
		};
		88AE0E7A170023C900634E75 /* ViewController_iPad.xib */ = {
			isa = PBXVariantGroup;
			children = (
				88AE0E7B170023C900634E75 /* en */,
			);
			name = ViewController_iPad.xib;
			sourceTree = "<group>";
		};
/* End PBXVariantGroup section */

/* Begin XCBuildConfiguration section */
		88AE0E7D170023C900634E75 /* Debug */ = {
			isa = XCBuildConfiguration;
			buildSettings = {
				ALWAYS_SEARCH_USER_PATHS = NO;
				CLANG_CXX_LANGUAGE_STANDARD = "gnu++0x";
				CLANG_CXX_LIBRARY = "libc++";
				CLANG_WARN_CONSTANT_CONVERSION = YES;
				CLANG_WARN_EMPTY_BODY = YES;
				CLANG_WARN_ENUM_CONVERSION = YES;
				CLANG_WARN_INT_CONVERSION = YES;
				CLANG_WARN__DUPLICATE_METHOD_MATCH = YES;
				"CODE_SIGN_IDENTITY[sdk=iphoneos*]" = "iPhone Developer";
				COPY_PHASE_STRIP = NO;
				GCC_C_LANGUAGE_STANDARD = gnu99;
				GCC_DYNAMIC_NO_PIC = NO;
				GCC_OPTIMIZATION_LEVEL = 0;
				GCC_PREPROCESSOR_DEFINITIONS = (
					"DEBUG=1",
					"$(inherited)",
				);
				GCC_SYMBOLS_PRIVATE_EXTERN = NO;
				GCC_WARN_ABOUT_RETURN_TYPE = YES;
				GCC_WARN_UNINITIALIZED_AUTOS = YES;
				GCC_WARN_UNUSED_VARIABLE = YES;
				IPHONEOS_DEPLOYMENT_TARGET = 6.1;
				ONLY_ACTIVE_ARCH = YES;
				SDKROOT = iphoneos;
				TARGETED_DEVICE_FAMILY = "1,2";
			};
			name = Debug;
		};
		88AE0E7E170023C900634E75 /* Release */ = {
			isa = XCBuildConfiguration;
			buildSettings = {
				ALWAYS_SEARCH_USER_PATHS = NO;
				CLANG_CXX_LANGUAGE_STANDARD = "gnu++0x";
				CLANG_CXX_LIBRARY = "libc++";
				CLANG_WARN_CONSTANT_CONVERSION = YES;
				CLANG_WARN_EMPTY_BODY = YES;
				CLANG_WARN_ENUM_CONVERSION = YES;
				CLANG_WARN_INT_CONVERSION = YES;
				CLANG_WARN__DUPLICATE_METHOD_MATCH = YES;
				"CODE_SIGN_IDENTITY[sdk=iphoneos*]" = "iPhone Developer";
				COPY_PHASE_STRIP = YES;
				GCC_C_LANGUAGE_STANDARD = gnu99;
				GCC_WARN_ABOUT_RETURN_TYPE = YES;
				GCC_WARN_UNINITIALIZED_AUTOS = YES;
				GCC_WARN_UNUSED_VARIABLE = YES;
				IPHONEOS_DEPLOYMENT_TARGET = 6.1;
				OTHER_CFLAGS = "-DNS_BLOCK_ASSERTIONS=1";
				SDKROOT = iphoneos;
				TARGETED_DEVICE_FAMILY = "1,2";
				VALIDATE_PRODUCT = YES;
			};
			name = Release;
		};
		88AE0E80170023C900634E75 /* Debug */ = {
			isa = XCBuildConfiguration;
			buildSettings = {
				GCC_PRECOMPILE_PREFIX_HEADER = YES;
				GCC_PREFIX_HEADER = "SampleBrowser/SampleBrowser-Prefix.pch";
				INFOPLIST_FILE = "$(SRCROOT)/SampleBrowser-Info.plist";
				PRODUCT_NAME = "$(TARGET_NAME)";
				WRAPPER_EXTENSION = app;
			};
			name = Debug;
		};
		88AE0E81170023C900634E75 /* Release */ = {
			isa = XCBuildConfiguration;
			buildSettings = {
				GCC_PRECOMPILE_PREFIX_HEADER = YES;
				GCC_PREFIX_HEADER = "SampleBrowser/SampleBrowser-Prefix.pch";
				INFOPLIST_FILE = "$(SRCROOT)/SampleBrowser-Info.plist";
				PRODUCT_NAME = "$(TARGET_NAME)";
				WRAPPER_EXTENSION = app;
			};
			name = Release;
		};
/* End XCBuildConfiguration section */

/* Begin XCConfigurationList section */
		88AE0E54170023C900634E75 /* Build configuration list for PBXProject "SampleBrowser" */ = {
			isa = XCConfigurationList;
			buildConfigurations = (
				88AE0E7D170023C900634E75 /* Debug */,
				88AE0E7E170023C900634E75 /* Release */,
			);
			defaultConfigurationIsVisible = 0;
			defaultConfigurationName = Release;
		};
		88AE0E7F170023C900634E75 /* Build configuration list for PBXNativeTarget "SampleBrowser" */ = {
			isa = XCConfigurationList;
			buildConfigurations = (
				88AE0E80170023C900634E75 /* Debug */,
				88AE0E81170023C900634E75 /* Release */,
			);
			defaultConfigurationIsVisible = 0;
			defaultConfigurationName = Release;
		};
/* End XCConfigurationList section */
	};
	rootObject = 88AE0E51170023C900634E75 /* Project object */;
}
